
Microsoft Visual Studio Solution File, Format Version 12.00
# Visual Studio 15
VisualStudioVersion = 15.0.26124.0
MinimumVisualStudioVersion = 15.0.26124.0
Project("{9A19103F-16F7-4668-BE54-9A1E7A4F7556}") = "R5T.Shrewsbury.Default.Construction", "R5T.Shrewsbury.Default.Construction\R5T.Shrewsbury.Default.Construction.csproj", "{3C581802-021B-4890-9AA7-5703C1464758}"
EndProject
Project("{9A19103F-16F7-4668-BE54-9A1E7A4F7556}") = "R5T.Shrewsbury.Default", "R5T.Shrewsbury.Default\R5T.Shrewsbury.Default.csproj", "{8E1BC061-5C20-4A90-8107-C31A3D20AC93}"
EndProject
Project("{9A19103F-16F7-4668-BE54-9A1E7A4F7556}") = "R5T.Shrewsbury.Default.Testing", "R5T.Shrewsbury.Default.Testing\R5T.Shrewsbury.Default.Testing.csproj", "{BD80C2CC-8EB2-4171-949B-E2CA16ADAF11}"
EndProject
Project("{2150E333-8FDC-42A3-9474-1A3956D46DE8}") = "_Dependencies", "_Dependencies", "{B55F158A-C87D-48CC-88D7-ECA5649B38BD}"
EndProject
Project("{9A19103F-16F7-4668-BE54-9A1E7A4F7556}") = "R5T.Shrewsbury.Base", "..\..\R5T.Shrewsbury.Base\source\R5T.Shrewsbury.Base\R5T.Shrewsbury.Base.csproj", "{9A91CAC8-8464-4612-B2D8-CA7CE836AD3C}"
EndProject
Project("{9A19103F-16F7-4668-BE54-9A1E7A4F7556}") = "R5T.Macommania.Base", "..\..\R5T.Macommania.Base\source\R5T.Macommania.Base\R5T.Macommania.Base.csproj", "{CE5B1B43-9FD4-4D44-8844-CAB78967D685}"
EndProject
Project("{9A19103F-16F7-4668-BE54-9A1E7A4F7556}") = "R5T.Lombardy.Base", "..\..\R5T.Lombardy.Base\source\R5T.Lombardy.Base\R5T.Lombardy.Base.csproj", "{C76C8C0E-3AD2-4EE8-8592-DEA1FB1444C4}"
EndProject
Project("{9A19103F-16F7-4668-BE54-9A1E7A4F7556}") = "R5T.Cherusci", "..\..\R5T.Cherusci\source\R5T.Cherusci\R5T.Cherusci.csproj", "{34410689-C292-41EF-B46B-7A623DE9390E}"
EndProject
Project("{9A19103F-16F7-4668-BE54-9A1E7A4F7556}") = "R5T.Shrewsbury", "..\..\R5T.Shrewsbury\source\R5T.Shrewsbury\R5T.Shrewsbury.csproj", "{BFAA3B99-D237-4D93-961F-DD3EB423ABA6}"
EndProject
Project("{9A19103F-16F7-4668-BE54-9A1E7A4F7556}") = "R5T.Dacia.Extensions", "..\..\R5T.Dacia.Extensions\source\R5T.Dacia.Extensions\R5T.Dacia.Extensions.csproj", "{FA67AE59-4F60-4E98-A351-25C414A434E0}"
EndProject
Project("{9A19103F-16F7-4668-BE54-9A1E7A4F7556}") = "R5T.Dacia", "..\..\R5T.Dacia\source\R5T.Dacia\R5T.Dacia.csproj", "{7B7CFD26-2CC3-467E-A0E1-08A30C924F80}"
EndProject
Project("{9A19103F-16F7-4668-BE54-9A1E7A4F7556}") = "R5T.Ives.Base", "..\..\R5T.Ives.Base\source\R5T.Ives.Base\R5T.Ives.Base.csproj", "{010A887A-1543-4E60-BA94-5F96CFB1ABAD}"
EndProject
Project("{9A19103F-16F7-4668-BE54-9A1E7A4F7556}") = "R5T.Magyar", "..\..\R5T.Magyar\source\R5T.Magyar\R5T.Magyar.csproj", "{F4A7967A-384D-40C8-BFF5-B4C92B6A62AB}"
EndProject
Global
	GlobalSection(SolutionConfigurationPlatforms) = preSolution
		Debug|Any CPU = Debug|Any CPU
		Debug|x64 = Debug|x64
		Debug|x86 = Debug|x86
		Release|Any CPU = Release|Any CPU
		Release|x64 = Release|x64
		Release|x86 = Release|x86
	EndGlobalSection
	GlobalSection(ProjectConfigurationPlatforms) = postSolution
		{3C581802-021B-4890-9AA7-5703C1464758}.Debug|Any CPU.ActiveCfg = Debug|Any CPU
		{3C581802-021B-4890-9AA7-5703C1464758}.Debug|Any CPU.Build.0 = Debug|Any CPU
		{3C581802-021B-4890-9AA7-5703C1464758}.Debug|x64.ActiveCfg = Debug|Any CPU
		{3C581802-021B-4890-9AA7-5703C1464758}.Debug|x64.Build.0 = Debug|Any CPU
		{3C581802-021B-4890-9AA7-5703C1464758}.Debug|x86.ActiveCfg = Debug|Any CPU
		{3C581802-021B-4890-9AA7-5703C1464758}.Debug|x86.Build.0 = Debug|Any CPU
		{3C581802-021B-4890-9AA7-5703C1464758}.Release|Any CPU.ActiveCfg = Release|Any CPU
		{3C581802-021B-4890-9AA7-5703C1464758}.Release|Any CPU.Build.0 = Release|Any CPU
		{3C581802-021B-4890-9AA7-5703C1464758}.Release|x64.ActiveCfg = Release|Any CPU
		{3C581802-021B-4890-9AA7-5703C1464758}.Release|x64.Build.0 = Release|Any CPU
		{3C581802-021B-4890-9AA7-5703C1464758}.Release|x86.ActiveCfg = Release|Any CPU
		{3C581802-021B-4890-9AA7-5703C1464758}.Release|x86.Build.0 = Release|Any CPU
		{8E1BC061-5C20-4A90-8107-C31A3D20AC93}.Debug|Any CPU.ActiveCfg = Debug|Any CPU
		{8E1BC061-5C20-4A90-8107-C31A3D20AC93}.Debug|Any CPU.Build.0 = Debug|Any CPU
		{8E1BC061-5C20-4A90-8107-C31A3D20AC93}.Debug|x64.ActiveCfg = Debug|Any CPU
		{8E1BC061-5C20-4A90-8107-C31A3D20AC93}.Debug|x64.Build.0 = Debug|Any CPU
		{8E1BC061-5C20-4A90-8107-C31A3D20AC93}.Debug|x86.ActiveCfg = Debug|Any CPU
		{8E1BC061-5C20-4A90-8107-C31A3D20AC93}.Debug|x86.Build.0 = Debug|Any CPU
		{8E1BC061-5C20-4A90-8107-C31A3D20AC93}.Release|Any CPU.ActiveCfg = Release|Any CPU
		{8E1BC061-5C20-4A90-8107-C31A3D20AC93}.Release|Any CPU.Build.0 = Release|Any CPU
		{8E1BC061-5C20-4A90-8107-C31A3D20AC93}.Release|x64.ActiveCfg = Release|Any CPU
		{8E1BC061-5C20-4A90-8107-C31A3D20AC93}.Release|x64.Build.0 = Release|Any CPU
		{8E1BC061-5C20-4A90-8107-C31A3D20AC93}.Release|x86.ActiveCfg = Release|Any CPU
		{8E1BC061-5C20-4A90-8107-C31A3D20AC93}.Release|x86.Build.0 = Release|Any CPU
		{BD80C2CC-8EB2-4171-949B-E2CA16ADAF11}.Debug|Any CPU.ActiveCfg = Debug|Any CPU
		{BD80C2CC-8EB2-4171-949B-E2CA16ADAF11}.Debug|Any CPU.Build.0 = Debug|Any CPU
		{BD80C2CC-8EB2-4171-949B-E2CA16ADAF11}.Debug|x64.ActiveCfg = Debug|Any CPU
		{BD80C2CC-8EB2-4171-949B-E2CA16ADAF11}.Debug|x64.Build.0 = Debug|Any CPU
		{BD80C2CC-8EB2-4171-949B-E2CA16ADAF11}.Debug|x86.ActiveCfg = Debug|Any CPU
		{BD80C2CC-8EB2-4171-949B-E2CA16ADAF11}.Debug|x86.Build.0 = Debug|Any CPU
		{BD80C2CC-8EB2-4171-949B-E2CA16ADAF11}.Release|Any CPU.ActiveCfg = Release|Any CPU
		{BD80C2CC-8EB2-4171-949B-E2CA16ADAF11}.Release|Any CPU.Build.0 = Release|Any CPU
		{BD80C2CC-8EB2-4171-949B-E2CA16ADAF11}.Release|x64.ActiveCfg = Release|Any CPU
		{BD80C2CC-8EB2-4171-949B-E2CA16ADAF11}.Release|x64.Build.0 = Release|Any CPU
		{BD80C2CC-8EB2-4171-949B-E2CA16ADAF11}.Release|x86.ActiveCfg = Release|Any CPU
		{BD80C2CC-8EB2-4171-949B-E2CA16ADAF11}.Release|x86.Build.0 = Release|Any CPU
		{9A91CAC8-8464-4612-B2D8-CA7CE836AD3C}.Debug|Any CPU.ActiveCfg = Debug|Any CPU
		{9A91CAC8-8464-4612-B2D8-CA7CE836AD3C}.Debug|Any CPU.Build.0 = Debug|Any CPU
		{9A91CAC8-8464-4612-B2D8-CA7CE836AD3C}.Debug|x64.ActiveCfg = Debug|Any CPU
		{9A91CAC8-8464-4612-B2D8-CA7CE836AD3C}.Debug|x64.Build.0 = Debug|Any CPU
		{9A91CAC8-8464-4612-B2D8-CA7CE836AD3C}.Debug|x86.ActiveCfg = Debug|Any CPU
		{9A91CAC8-8464-4612-B2D8-CA7CE836AD3C}.Debug|x86.Build.0 = Debug|Any CPU
		{9A91CAC8-8464-4612-B2D8-CA7CE836AD3C}.Release|Any CPU.ActiveCfg = Release|Any CPU
		{9A91CAC8-8464-4612-B2D8-CA7CE836AD3C}.Release|Any CPU.Build.0 = Release|Any CPU
		{9A91CAC8-8464-4612-B2D8-CA7CE836AD3C}.Release|x64.ActiveCfg = Release|Any CPU
		{9A91CAC8-8464-4612-B2D8-CA7CE836AD3C}.Release|x64.Build.0 = Release|Any CPU
		{9A91CAC8-8464-4612-B2D8-CA7CE836AD3C}.Release|x86.ActiveCfg = Release|Any CPU
		{9A91CAC8-8464-4612-B2D8-CA7CE836AD3C}.Release|x86.Build.0 = Release|Any CPU
		{CE5B1B43-9FD4-4D44-8844-CAB78967D685}.Debug|Any CPU.ActiveCfg = Debug|Any CPU
		{CE5B1B43-9FD4-4D44-8844-CAB78967D685}.Debug|Any CPU.Build.0 = Debug|Any CPU
		{CE5B1B43-9FD4-4D44-8844-CAB78967D685}.Debug|x64.ActiveCfg = Debug|Any CPU
		{CE5B1B43-9FD4-4D44-8844-CAB78967D685}.Debug|x64.Build.0 = Debug|Any CPU
		{CE5B1B43-9FD4-4D44-8844-CAB78967D685}.Debug|x86.ActiveCfg = Debug|Any CPU
		{CE5B1B43-9FD4-4D44-8844-CAB78967D685}.Debug|x86.Build.0 = Debug|Any CPU
		{CE5B1B43-9FD4-4D44-8844-CAB78967D685}.Release|Any CPU.ActiveCfg = Release|Any CPU
		{CE5B1B43-9FD4-4D44-8844-CAB78967D685}.Release|Any CPU.Build.0 = Release|Any CPU
		{CE5B1B43-9FD4-4D44-8844-CAB78967D685}.Release|x64.ActiveCfg = Release|Any CPU
		{CE5B1B43-9FD4-4D44-8844-CAB78967D685}.Release|x64.Build.0 = Release|Any CPU
		{CE5B1B43-9FD4-4D44-8844-CAB78967D685}.Release|x86.ActiveCfg = Release|Any CPU
		{CE5B1B43-9FD4-4D44-8844-CAB78967D685}.Release|x86.Build.0 = Release|Any CPU
		{C76C8C0E-3AD2-4EE8-8592-DEA1FB1444C4}.Debug|Any CPU.ActiveCfg = Debug|Any CPU
		{C76C8C0E-3AD2-4EE8-8592-DEA1FB1444C4}.Debug|Any CPU.Build.0 = Debug|Any CPU
		{C76C8C0E-3AD2-4EE8-8592-DEA1FB1444C4}.Debug|x64.ActiveCfg = Debug|Any CPU
		{C76C8C0E-3AD2-4EE8-8592-DEA1FB1444C4}.Debug|x64.Build.0 = Debug|Any CPU
		{C76C8C0E-3AD2-4EE8-8592-DEA1FB1444C4}.Debug|x86.ActiveCfg = Debug|Any CPU
		{C76C8C0E-3AD2-4EE8-8592-DEA1FB1444C4}.Debug|x86.Build.0 = Debug|Any CPU
		{C76C8C0E-3AD2-4EE8-8592-DEA1FB1444C4}.Release|Any CPU.ActiveCfg = Release|Any CPU
		{C76C8C0E-3AD2-4EE8-8592-DEA1FB1444C4}.Release|Any CPU.Build.0 = Release|Any CPU
		{C76C8C0E-3AD2-4EE8-8592-DEA1FB1444C4}.Release|x64.ActiveCfg = Release|Any CPU
		{C76C8C0E-3AD2-4EE8-8592-DEA1FB1444C4}.Release|x64.Build.0 = Release|Any CPU
		{C76C8C0E-3AD2-4EE8-8592-DEA1FB1444C4}.Release|x86.ActiveCfg = Release|Any CPU
		{C76C8C0E-3AD2-4EE8-8592-DEA1FB1444C4}.Release|x86.Build.0 = Release|Any CPU
		{34410689-C292-41EF-B46B-7A623DE9390E}.Debug|Any CPU.ActiveCfg = Debug|Any CPU
		{34410689-C292-41EF-B46B-7A623DE9390E}.Debug|Any CPU.Build.0 = Debug|Any CPU
		{34410689-C292-41EF-B46B-7A623DE9390E}.Debug|x64.ActiveCfg = Debug|Any CPU
		{34410689-C292-41EF-B46B-7A623DE9390E}.Debug|x64.Build.0 = Debug|Any CPU
		{34410689-C292-41EF-B46B-7A623DE9390E}.Debug|x86.ActiveCfg = Debug|Any CPU
		{34410689-C292-41EF-B46B-7A623DE9390E}.Debug|x86.Build.0 = Debug|Any CPU
		{34410689-C292-41EF-B46B-7A623DE9390E}.Release|Any CPU.ActiveCfg = Release|Any CPU
		{34410689-C292-41EF-B46B-7A623DE9390E}.Release|Any CPU.Build.0 = Release|Any CPU
		{34410689-C292-41EF-B46B-7A623DE9390E}.Release|x64.ActiveCfg = Release|Any CPU
		{34410689-C292-41EF-B46B-7A623DE9390E}.Release|x64.Build.0 = Release|Any CPU
		{34410689-C292-41EF-B46B-7A623DE9390E}.Release|x86.ActiveCfg = Release|Any CPU
		{34410689-C292-41EF-B46B-7A623DE9390E}.Release|x86.Build.0 = Release|Any CPU
		{BFAA3B99-D237-4D93-961F-DD3EB423ABA6}.Debug|Any CPU.ActiveCfg = Debug|Any CPU
		{BFAA3B99-D237-4D93-961F-DD3EB423ABA6}.Debug|Any CPU.Build.0 = Debug|Any CPU
		{BFAA3B99-D237-4D93-961F-DD3EB423ABA6}.Debug|x64.ActiveCfg = Debug|Any CPU
		{BFAA3B99-D237-4D93-961F-DD3EB423ABA6}.Debug|x64.Build.0 = Debug|Any CPU
		{BFAA3B99-D237-4D93-961F-DD3EB423ABA6}.Debug|x86.ActiveCfg = Debug|Any CPU
		{BFAA3B99-D237-4D93-961F-DD3EB423ABA6}.Debug|x86.Build.0 = Debug|Any CPU
		{BFAA3B99-D237-4D93-961F-DD3EB423ABA6}.Release|Any CPU.ActiveCfg = Release|Any CPU
		{BFAA3B99-D237-4D93-961F-DD3EB423ABA6}.Release|Any CPU.Build.0 = Release|Any CPU
		{BFAA3B99-D237-4D93-961F-DD3EB423ABA6}.Release|x64.ActiveCfg = Release|Any CPU
		{BFAA3B99-D237-4D93-961F-DD3EB423ABA6}.Release|x64.Build.0 = Release|Any CPU
		{BFAA3B99-D237-4D93-961F-DD3EB423ABA6}.Release|x86.ActiveCfg = Release|Any CPU
		{BFAA3B99-D237-4D93-961F-DD3EB423ABA6}.Release|x86.Build.0 = Release|Any CPU
		{FA67AE59-4F60-4E98-A351-25C414A434E0}.Debug|Any CPU.ActiveCfg = Debug|Any CPU
		{FA67AE59-4F60-4E98-A351-25C414A434E0}.Debug|Any CPU.Build.0 = Debug|Any CPU
		{FA67AE59-4F60-4E98-A351-25C414A434E0}.Debug|x64.ActiveCfg = Debug|Any CPU
		{FA67AE59-4F60-4E98-A351-25C414A434E0}.Debug|x64.Build.0 = Debug|Any CPU
		{FA67AE59-4F60-4E98-A351-25C414A434E0}.Debug|x86.ActiveCfg = Debug|Any CPU
		{FA67AE59-4F60-4E98-A351-25C414A434E0}.Debug|x86.Build.0 = Debug|Any CPU
		{FA67AE59-4F60-4E98-A351-25C414A434E0}.Release|Any CPU.ActiveCfg = Release|Any CPU
		{FA67AE59-4F60-4E98-A351-25C414A434E0}.Release|Any CPU.Build.0 = Release|Any CPU
		{FA67AE59-4F60-4E98-A351-25C414A434E0}.Release|x64.ActiveCfg = Release|Any CPU
		{FA67AE59-4F60-4E98-A351-25C414A434E0}.Release|x64.Build.0 = Release|Any CPU
		{FA67AE59-4F60-4E98-A351-25C414A434E0}.Release|x86.ActiveCfg = Release|Any CPU
		{FA67AE59-4F60-4E98-A351-25C414A434E0}.Release|x86.Build.0 = Release|Any CPU
		{7B7CFD26-2CC3-467E-A0E1-08A30C924F80}.Debug|Any CPU.ActiveCfg = Debug|Any CPU
		{7B7CFD26-2CC3-467E-A0E1-08A30C924F80}.Debug|Any CPU.Build.0 = Debug|Any CPU
		{7B7CFD26-2CC3-467E-A0E1-08A30C924F80}.Debug|x64.ActiveCfg = Debug|Any CPU
		{7B7CFD26-2CC3-467E-A0E1-08A30C924F80}.Debug|x64.Build.0 = Debug|Any CPU
		{7B7CFD26-2CC3-467E-A0E1-08A30C924F80}.Debug|x86.ActiveCfg = Debug|Any CPU
		{7B7CFD26-2CC3-467E-A0E1-08A30C924F80}.Debug|x86.Build.0 = Debug|Any CPU
		{7B7CFD26-2CC3-467E-A0E1-08A30C924F80}.Release|Any CPU.ActiveCfg = Release|Any CPU
		{7B7CFD26-2CC3-467E-A0E1-08A30C924F80}.Release|Any CPU.Build.0 = Release|Any CPU
		{7B7CFD26-2CC3-467E-A0E1-08A30C924F80}.Release|x64.ActiveCfg = Release|Any CPU
		{7B7CFD26-2CC3-467E-A0E1-08A30C924F80}.Release|x64.Build.0 = Release|Any CPU
		{7B7CFD26-2CC3-467E-A0E1-08A30C924F80}.Release|x86.ActiveCfg = Release|Any CPU
		{7B7CFD26-2CC3-467E-A0E1-08A30C924F80}.Release|x86.Build.0 = Release|Any CPU
		{010A887A-1543-4E60-BA94-5F96CFB1ABAD}.Debug|Any CPU.ActiveCfg = Debug|Any CPU
		{010A887A-1543-4E60-BA94-5F96CFB1ABAD}.Debug|Any CPU.Build.0 = Debug|Any CPU
		{010A887A-1543-4E60-BA94-5F96CFB1ABAD}.Debug|x64.ActiveCfg = Debug|Any CPU
		{010A887A-1543-4E60-BA94-5F96CFB1ABAD}.Debug|x64.Build.0 = Debug|Any CPU
		{010A887A-1543-4E60-BA94-5F96CFB1ABAD}.Debug|x86.ActiveCfg = Debug|Any CPU
		{010A887A-1543-4E60-BA94-5F96CFB1ABAD}.Debug|x86.Build.0 = Debug|Any CPU
		{010A887A-1543-4E60-BA94-5F96CFB1ABAD}.Release|Any CPU.ActiveCfg = Release|Any CPU
		{010A887A-1543-4E60-BA94-5F96CFB1ABAD}.Release|Any CPU.Build.0 = Release|Any CPU
		{010A887A-1543-4E60-BA94-5F96CFB1ABAD}.Release|x64.ActiveCfg = Release|Any CPU
		{010A887A-1543-4E60-BA94-5F96CFB1ABAD}.Release|x64.Build.0 = Release|Any CPU
		{010A887A-1543-4E60-BA94-5F96CFB1ABAD}.Release|x86.ActiveCfg = Release|Any CPU
		{010A887A-1543-4E60-BA94-5F96CFB1ABAD}.Release|x86.Build.0 = Release|Any CPU
		{F4A7967A-384D-40C8-BFF5-B4C92B6A62AB}.Debug|Any CPU.ActiveCfg = Debug|Any CPU
		{F4A7967A-384D-40C8-BFF5-B4C92B6A62AB}.Debug|Any CPU.Build.0 = Debug|Any CPU
		{F4A7967A-384D-40C8-BFF5-B4C92B6A62AB}.Debug|x64.ActiveCfg = Debug|Any CPU
		{F4A7967A-384D-40C8-BFF5-B4C92B6A62AB}.Debug|x64.Build.0 = Debug|Any CPU
		{F4A7967A-384D-40C8-BFF5-B4C92B6A62AB}.Debug|x86.ActiveCfg = Debug|Any CPU
		{F4A7967A-384D-40C8-BFF5-B4C92B6A62AB}.Debug|x86.Build.0 = Debug|Any CPU
		{F4A7967A-384D-40C8-BFF5-B4C92B6A62AB}.Release|Any CPU.ActiveCfg = Release|Any CPU
		{F4A7967A-384D-40C8-BFF5-B4C92B6A62AB}.Release|Any CPU.Build.0 = Release|Any CPU
		{F4A7967A-384D-40C8-BFF5-B4C92B6A62AB}.Release|x64.ActiveCfg = Release|Any CPU
		{F4A7967A-384D-40C8-BFF5-B4C92B6A62AB}.Release|x64.Build.0 = Release|Any CPU
		{F4A7967A-384D-40C8-BFF5-B4C92B6A62AB}.Release|x86.ActiveCfg = Release|Any CPU
		{F4A7967A-384D-40C8-BFF5-B4C92B6A62AB}.Release|x86.Build.0 = Release|Any CPU
	EndGlobalSection
	GlobalSection(SolutionProperties) = preSolution
		HideSolutionNode = FALSE
	EndGlobalSection
	GlobalSection(NestedProjects) = preSolution
		{9A91CAC8-8464-4612-B2D8-CA7CE836AD3C} = {B55F158A-C87D-48CC-88D7-ECA5649B38BD}
		{CE5B1B43-9FD4-4D44-8844-CAB78967D685} = {B55F158A-C87D-48CC-88D7-ECA5649B38BD}
		{C76C8C0E-3AD2-4EE8-8592-DEA1FB1444C4} = {B55F158A-C87D-48CC-88D7-ECA5649B38BD}
		{34410689-C292-41EF-B46B-7A623DE9390E} = {B55F158A-C87D-48CC-88D7-ECA5649B38BD}
		{BFAA3B99-D237-4D93-961F-DD3EB423ABA6} = {B55F158A-C87D-48CC-88D7-ECA5649B38BD}
		{FA67AE59-4F60-4E98-A351-25C414A434E0} = {B55F158A-C87D-48CC-88D7-ECA5649B38BD}
		{7B7CFD26-2CC3-467E-A0E1-08A30C924F80} = {B55F158A-C87D-48CC-88D7-ECA5649B38BD}
		{010A887A-1543-4E60-BA94-5F96CFB1ABAD} = {B55F158A-C87D-48CC-88D7-ECA5649B38BD}
		{F4A7967A-384D-40C8-BFF5-B4C92B6A62AB} = {B55F158A-C87D-48CC-88D7-ECA5649B38BD}
	EndGlobalSection
	GlobalSection(ExtensibilityGlobals) = postSolution
		SolutionGuid = {7D217E25-ABE2-4E28-A4C3-0C60A2996332}
	EndGlobalSection
EndGlobal
